// !$*UTF8*$!
{
	archiveVersion = 1;
	classes = {
	};
	objectVersion = 46;
	objects = {

/* Begin PBXBuildFile section */
		52DA31AB1CFA58EF0095D007 /* AppDelegate.swift in Sources */ = {isa = PBXBuildFile; fileRef = 52DA31AA1CFA58EF0095D007 /* AppDelegate.swift */; };
		52DA31AD1CFA58EF0095D007 /* ViewController.swift in Sources */ = {isa = PBXBuildFile; fileRef = 52DA31AC1CFA58EF0095D007 /* ViewController.swift */; };
		52DA31B01CFA58EF0095D007 /* Main.storyboard in Resources */ = {isa = PBXBuildFile; fileRef = 52DA31AE1CFA58EF0095D007 /* Main.storyboard */; };
		52DA31B21CFA58EF0095D007 /* Assets.xcassets in Resources */ = {isa = PBXBuildFile; fileRef = 52DA31B11CFA58EF0095D007 /* Assets.xcassets */; };
		52DA31B51CFA58EF0095D007 /* LaunchScreen.storyboard in Resources */ = {isa = PBXBuildFile; fileRef = 52DA31B31CFA58EF0095D007 /* LaunchScreen.storyboard */; };
		52DA31C01CFA58EF0095D007 /* questionsForTikTokTests.swift in Sources */ = {isa = PBXBuildFile; fileRef = 52DA31BF1CFA58EF0095D007 /* questionsForTikTokTests.swift */; };
		52DA31CB1CFA58EF0095D007 /* questionsForTikTokUITests.swift in Sources */ = {isa = PBXBuildFile; fileRef = 52DA31CA1CFA58EF0095D007 /* questionsForTikTokUITests.swift */; };
		52DA31D91CFA59570095D007 /* question.json in Resources */ = {isa = PBXBuildFile; fileRef = 52DA31D81CFA59570095D007 /* question.json */; };
		52DA31DB1CFA5D230095D007 /* CustomizeCell.swift in Sources */ = {isa = PBXBuildFile; fileRef = 52DA31DA1CFA5D230095D007 /* CustomizeCell.swift */; };
		52DA31DD1CFA61D20095D007 /* topic.swift in Sources */ = {isa = PBXBuildFile; fileRef = 52DA31DC1CFA61D20095D007 /* topic.swift */; };
		52DA31E11CFA63970095D007 /* Question.swift in Sources */ = {isa = PBXBuildFile; fileRef = 52DA31E01CFA63970095D007 /* Question.swift */; };
		52DA31E51CFA70BF0095D007 /* DescViewController.swift in Sources */ = {isa = PBXBuildFile; fileRef = 52DA31E41CFA70BF0095D007 /* DescViewController.swift */; };
		52DA31E71CFA74FB0095D007 /* QuestionViewController.swift in Sources */ = {isa = PBXBuildFile; fileRef = 52DA31E61CFA74FB0095D007 /* QuestionViewController.swift */; };
/* End PBXBuildFile section */

/* Begin PBXContainerItemProxy section */
		52DA31BC1CFA58EF0095D007 /* PBXContainerItemProxy */ = {
			isa = PBXContainerItemProxy;
			containerPortal = 52DA319F1CFA58EF0095D007 /* Project object */;
			proxyType = 1;
			remoteGlobalIDString = 52DA31A61CFA58EF0095D007;
			remoteInfo = questionsForTikTok;
		};
		52DA31C71CFA58EF0095D007 /* PBXContainerItemProxy */ = {
			isa = PBXContainerItemProxy;
			containerPortal = 52DA319F1CFA58EF0095D007 /* Project object */;
			proxyType = 1;
			remoteGlobalIDString = 52DA31A61CFA58EF0095D007;
			remoteInfo = questionsForTikTok;
		};
/* End PBXContainerItemProxy section */

/* Begin PBXFileReference section */
		52DA31A71CFA58EF0095D007 /* questionsForTikTok.app */ = {isa = PBXFileReference; explicitFileType = wrapper.application; includeInIndex = 0; path = questionsForTikTok.app; sourceTree = BUILT_PRODUCTS_DIR; };
		52DA31AA1CFA58EF0095D007 /* AppDelegate.swift */ = {isa = PBXFileReference; lastKnownFileType = sourcecode.swift; path = AppDelegate.swift; sourceTree = "<group>"; };
		52DA31AC1CFA58EF0095D007 /* ViewController.swift */ = {isa = PBXFileReference; lastKnownFileType = sourcecode.swift; path = ViewController.swift; sourceTree = "<group>"; };
		52DA31AF1CFA58EF0095D007 /* Base */ = {isa = PBXFileReference; lastKnownFileType = file.storyboard; name = Base; path = Base.lproj/Main.storyboard; sourceTree = "<group>"; };
		52DA31B11CFA58EF0095D007 /* Assets.xcassets */ = {isa = PBXFileReference; lastKnownFileType = folder.assetcatalog; path = Assets.xcassets; sourceTree = "<group>"; };
		52DA31B41CFA58EF0095D007 /* Base */ = {isa = PBXFileReference; lastKnownFileType = file.storyboard; name = Base; path = Base.lproj/LaunchScreen.storyboard; sourceTree = "<group>"; };
		52DA31B61CFA58EF0095D007 /* Info.plist */ = {isa = PBXFileReference; lastKnownFileType = text.plist.xml; path = Info.plist; sourceTree = "<group>"; };
		52DA31BB1CFA58EF0095D007 /* questionsForTikTokTests.xctest */ = {isa = PBXFileReference; explicitFileType = wrapper.cfbundle; includeInIndex = 0; path = questionsForTikTokTests.xctest; sourceTree = BUILT_PRODUCTS_DIR; };
		52DA31BF1CFA58EF0095D007 /* questionsForTikTokTests.swift */ = {isa = PBXFileReference; lastKnownFileType = sourcecode.swift; path = questionsForTikTokTests.swift; sourceTree = "<group>"; };
		52DA31C11CFA58EF0095D007 /* Info.plist */ = {isa = PBXFileReference; lastKnownFileType = text.plist.xml; path = Info.plist; sourceTree = "<group>"; };
		52DA31C61CFA58EF0095D007 /* questionsForTikTokUITests.xctest */ = {isa = PBXFileReference; explicitFileType = wrapper.cfbundle; includeInIndex = 0; path = questionsForTikTokUITests.xctest; sourceTree = BUILT_PRODUCTS_DIR; };
		52DA31CA1CFA58EF0095D007 /* questionsForTikTokUITests.swift */ = {isa = PBXFileReference; lastKnownFileType = sourcecode.swift; path = questionsForTikTokUITests.swift; sourceTree = "<group>"; };
		52DA31CC1CFA58EF0095D007 /* Info.plist */ = {isa = PBXFileReference; lastKnownFileType = text.plist.xml; path = Info.plist; sourceTree = "<group>"; };
		52DA31D81CFA59570095D007 /* question.json */ = {isa = PBXFileReference; fileEncoding = 4; lastKnownFileType = text.json; path = question.json; sourceTree = "<group>"; };
		52DA31DA1CFA5D230095D007 /* CustomizeCell.swift */ = {isa = PBXFileReference; fileEncoding = 4; lastKnownFileType = sourcecode.swift; path = CustomizeCell.swift; sourceTree = "<group>"; };
		52DA31DC1CFA61D20095D007 /* topic.swift */ = {isa = PBXFileReference; fileEncoding = 4; lastKnownFileType = sourcecode.swift; path = topic.swift; sourceTree = "<group>"; };
		52DA31E01CFA63970095D007 /* Question.swift */ = {isa = PBXFileReference; fileEncoding = 4; lastKnownFileType = sourcecode.swift; name = Question.swift; path = ../Question.swift; sourceTree = "<group>"; };
		52DA31E41CFA70BF0095D007 /* DescViewController.swift */ = {isa = PBXFileReference; fileEncoding = 4; lastKnownFileType = sourcecode.swift; path = DescViewController.swift; sourceTree = "<group>"; };
		52DA31E61CFA74FB0095D007 /* QuestionViewController.swift */ = {isa = PBXFileReference; fileEncoding = 4; lastKnownFileType = sourcecode.swift; path = QuestionViewController.swift; sourceTree = "<group>"; };
/* End PBXFileReference section */

/* Begin PBXFrameworksBuildPhase section */
		52DA31A41CFA58EF0095D007 /* Frameworks */ = {
			isa = PBXFrameworksBuildPhase;
			buildActionMask = 2147483647;
			files = (
			);
			runOnlyForDeploymentPostprocessing = 0;
		};
		52DA31B81CFA58EF0095D007 /* Frameworks */ = {
			isa = PBXFrameworksBuildPhase;
			buildActionMask = 2147483647;
			files = (
			);
			runOnlyForDeploymentPostprocessing = 0;
		};
		52DA31C31CFA58EF0095D007 /* Frameworks */ = {
			isa = PBXFrameworksBuildPhase;
			buildActionMask = 2147483647;
			files = (
			);
			runOnlyForDeploymentPostprocessing = 0;
		};
/* End PBXFrameworksBuildPhase section */

/* Begin PBXGroup section */
		52DA319E1CFA58EF0095D007 = {
			isa = PBXGroup;
			children = (
				52DA31A91CFA58EF0095D007 /* questionsForTikTok */,
				52DA31BE1CFA58EF0095D007 /* questionsForTikTokTests */,
				52DA31C91CFA58EF0095D007 /* questionsForTikTokUITests */,
				52DA31A81CFA58EF0095D007 /* Products */,
			);
			sourceTree = "<group>";
		};
		52DA31A81CFA58EF0095D007 /* Products */ = {
			isa = PBXGroup;
			children = (
				52DA31A71CFA58EF0095D007 /* questionsForTikTok.app */,
				52DA31BB1CFA58EF0095D007 /* questionsForTikTokTests.xctest */,
				52DA31C61CFA58EF0095D007 /* questionsForTikTokUITests.xctest */,
			);
			name = Products;
			sourceTree = "<group>";
		};
		52DA31A91CFA58EF0095D007 /* questionsForTikTok */ = {
			isa = PBXGroup;
			children = (
				52DA31D81CFA59570095D007 /* question.json */,
				52DA31AA1CFA58EF0095D007 /* AppDelegate.swift */,
				52DA31AC1CFA58EF0095D007 /* ViewController.swift */,
				52DA31DC1CFA61D20095D007 /* topic.swift */,
				52DA31E01CFA63970095D007 /* Question.swift */,
				52DA31DA1CFA5D230095D007 /* CustomizeCell.swift */,
				52DA31E41CFA70BF0095D007 /* DescViewController.swift */,
				52DA31AE1CFA58EF0095D007 /* Main.storyboard */,
				52DA31E61CFA74FB0095D007 /* QuestionViewController.swift */,
				52DA31B11CFA58EF0095D007 /* Assets.xcassets */,
				52DA31B31CFA58EF0095D007 /* LaunchScreen.storyboard */,
				52DA31B61CFA58EF0095D007 /* Info.plist */,
			);
			path = questionsForTikTok;
			sourceTree = "<group>";
		};
		52DA31BE1CFA58EF0095D007 /* questionsForTikTokTests */ = {
			isa = PBXGroup;
			children = (
				52DA31BF1CFA58EF0095D007 /* questionsForTikTokTests.swift */,
				52DA31C11CFA58EF0095D007 /* Info.plist */,
			);
			path = questionsForTikTokTests;
			sourceTree = "<group>";
		};
		52DA31C91CFA58EF0095D007 /* questionsForTikTokUITests */ = {
			isa = PBXGroup;
			children = (
				52DA31CA1CFA58EF0095D007 /* questionsForTikTokUITests.swift */,
				52DA31CC1CFA58EF0095D007 /* Info.plist */,
			);
			path = questionsForTikTokUITests;
			sourceTree = "<group>";
		};
/* End PBXGroup section */

/* Begin PBXNativeTarget section */
		52DA31A61CFA58EF0095D007 /* questionsForTikTok */ = {
			isa = PBXNativeTarget;
			buildConfigurationList = 52DA31CF1CFA58EF0095D007 /* Build configuration list for PBXNativeTarget "questionsForTikTok" */;
			buildPhases = (
				52DA31A31CFA58EF0095D007 /* Sources */,
				52DA31A41CFA58EF0095D007 /* Frameworks */,
				52DA31A51CFA58EF0095D007 /* Resources */,
			);
			buildRules = (
			);
			dependencies = (
			);
			name = questionsForTikTok;
			productName = questionsForTikTok;
			productReference = 52DA31A71CFA58EF0095D007 /* questionsForTikTok.app */;
			productType = "com.apple.product-type.application";
		};
		52DA31BA1CFA58EF0095D007 /* questionsForTikTokTests */ = {
			isa = PBXNativeTarget;
			buildConfigurationList = 52DA31D21CFA58EF0095D007 /* Build configuration list for PBXNativeTarget "questionsForTikTokTests" */;
			buildPhases = (
				52DA31B71CFA58EF0095D007 /* Sources */,
				52DA31B81CFA58EF0095D007 /* Frameworks */,
				52DA31B91CFA58EF0095D007 /* Resources */,
			);
			buildRules = (
			);
			dependencies = (
				52DA31BD1CFA58EF0095D007 /* PBXTargetDependency */,
			);
			name = questionsForTikTokTests;
			productName = questionsForTikTokTests;
			productReference = 52DA31BB1CFA58EF0095D007 /* questionsForTikTokTests.xctest */;
			productType = "com.apple.product-type.bundle.unit-test";
		};
		52DA31C51CFA58EF0095D007 /* questionsForTikTokUITests */ = {
			isa = PBXNativeTarget;
			buildConfigurationList = 52DA31D51CFA58EF0095D007 /* Build configuration list for PBXNativeTarget "questionsForTikTokUITests" */;
			buildPhases = (
				52DA31C21CFA58EF0095D007 /* Sources */,
				52DA31C31CFA58EF0095D007 /* Frameworks */,
				52DA31C41CFA58EF0095D007 /* Resources */,
			);
			buildRules = (
			);
			dependencies = (
				52DA31C81CFA58EF0095D007 /* PBXTargetDependency */,
			);
			name = questionsForTikTokUITests;
			productName = questionsForTikTokUITests;
			productReference = 52DA31C61CFA58EF0095D007 /* questionsForTikTokUITests.xctest */;
			productType = "com.apple.product-type.bundle.ui-testing";
		};
/* End PBXNativeTarget section */

/* Begin PBXProject section */
		52DA319F1CFA58EF0095D007 /* Project object */ = {
			isa = PBXProject;
			attributes = {
				LastSwiftUpdateCheck = 0720;
				LastUpgradeCheck = 0720;
				ORGANIZATIONNAME = lazyHuskies;
				TargetAttributes = {
					52DA31A61CFA58EF0095D007 = {
						CreatedOnToolsVersion = 7.2;
					};
					52DA31BA1CFA58EF0095D007 = {
						CreatedOnToolsVersion = 7.2;
						TestTargetID = 52DA31A61CFA58EF0095D007;
					};
					52DA31C51CFA58EF0095D007 = {
						CreatedOnToolsVersion = 7.2;
						TestTargetID = 52DA31A61CFA58EF0095D007;
					};
				};
			};
			buildConfigurationList = 52DA31A21CFA58EF0095D007 /* Build configuration list for PBXProject "questionsForTikTok" */;
			compatibilityVersion = "Xcode 3.2";
			developmentRegion = English;
			hasScannedForEncodings = 0;
			knownRegions = (
				en,
				Base,
			);
			mainGroup = 52DA319E1CFA58EF0095D007;
			productRefGroup = 52DA31A81CFA58EF0095D007 /* Products */;
			projectDirPath = "";
			projectRoot = "";
			targets = (
				52DA31A61CFA58EF0095D007 /* questionsForTikTok */,
				52DA31BA1CFA58EF0095D007 /* questionsForTikTokTests */,
				52DA31C51CFA58EF0095D007 /* questionsForTikTokUITests */,
			);
		};
/* End PBXProject section */

/* Begin PBXResourcesBuildPhase section */
		52DA31A51CFA58EF0095D007 /* Resources */ = {
			isa = PBXResourcesBuildPhase;
			buildActionMask = 2147483647;
			files = (
				52DA31B51CFA58EF0095D007 /* LaunchScreen.storyboard in Resources */,
				52DA31D91CFA59570095D007 /* question.json in Resources */,
				52DA31B21CFA58EF0095D007 /* Assets.xcassets in Resources */,
				52DA31B01CFA58EF0095D007 /* Main.storyboard in Resources */,
			);
			runOnlyForDeploymentPostprocessing = 0;
		};
		52DA31B91CFA58EF0095D007 /* Resources */ = {
			isa = PBXResourcesBuildPhase;
			buildActionMask = 2147483647;
			files = (
			);
			runOnlyForDeploymentPostprocessing = 0;
		};
		52DA31C41CFA58EF0095D007 /* Resources */ = {
			isa = PBXResourcesBuildPhase;
			buildActionMask = 2147483647;
			files = (
			);
			runOnlyForDeploymentPostprocessing = 0;
		};
/* End PBXResourcesBuildPhase section */

/* Begin PBXSourcesBuildPhase section */
		52DA31A31CFA58EF0095D007 /* Sources */ = {
			isa = PBXSourcesBuildPhase;
			buildActionMask = 2147483647;
			files = (
				52DA31E11CFA63970095D007 /* Question.swift in Sources */,
				52DA31E51CFA70BF0095D007 /* DescViewController.swift in Sources */,
				52DA31E71CFA74FB0095D007 /* QuestionViewController.swift in Sources */,
				52DA31AD1CFA58EF0095D007 /* ViewController.swift in Sources */,
				52DA31DD1CFA61D20095D007 /* topic.swift in Sources */,
				52DA31DB1CFA5D230095D007 /* CustomizeCell.swift in Sources */,
				52DA31AB1CFA58EF0095D007 /* AppDelegate.swift in Sources */,
			);
			runOnlyForDeploymentPostprocessing = 0;
		};
		52DA31B71CFA58EF0095D007 /* Sources */ = {
			isa = PBXSourcesBuildPhase;
			buildActionMask = 2147483647;
			files = (
				52DA31C01CFA58EF0095D007 /* questionsForTikTokTests.swift in Sources */,
			);
			runOnlyForDeploymentPostprocessing = 0;
		};
		52DA31C21CFA58EF0095D007 /* Sources */ = {
			isa = PBXSourcesBuildPhase;
			buildActionMask = 2147483647;
			files = (
				52DA31CB1CFA58EF0095D007 /* questionsForTikTokUITests.swift in Sources */,
			);
			runOnlyForDeploymentPostprocessing = 0;
		};
/* End PBXSourcesBuildPhase section */

/* Begin PBXTargetDependency section */
		52DA31BD1CFA58EF0095D007 /* PBXTargetDependency */ = {
			isa = PBXTargetDependency;
			target = 52DA31A61CFA58EF0095D007 /* questionsForTikTok */;
			targetProxy = 52DA31BC1CFA58EF0095D007 /* PBXContainerItemProxy */;
		};
		52DA31C81CFA58EF0095D007 /* PBXTargetDependency */ = {
			isa = PBXTargetDependency;
			target = 52DA31A61CFA58EF0095D007 /* questionsForTikTok */;
			targetProxy = 52DA31C71CFA58EF0095D007 /* PBXContainerItemProxy */;
		};
/* End PBXTargetDependency section */

/* Begin PBXVariantGroup section */
		52DA31AE1CFA58EF0095D007 /* Main.storyboard */ = {
			isa = PBXVariantGroup;
			children = (
				52DA31AF1CFA58EF0095D007 /* Base */,
			);
			name = Main.storyboard;
			sourceTree = "<group>";
		};
		52DA31B31CFA58EF0095D007 /* LaunchScreen.storyboard */ = {
			isa = PBXVariantGroup;
			children = (
				52DA31B41CFA58EF0095D007 /* Base */,
			);
			name = LaunchScreen.storyboard;
			sourceTree = "<group>";
		};
/* End PBXVariantGroup section */

/* Begin XCBuildConfiguration section */
		52DA31CD1CFA58EF0095D007 /* Debug */ = {
			isa = XCBuildConfiguration;
			buildSettings = {
				ALWAYS_SEARCH_USER_PATHS = NO;
				CLANG_CXX_LANGUAGE_STANDARD = "gnu++0x";
				CLANG_CXX_LIBRARY = "libc++";
				CLANG_ENABLE_MODULES = YES;
				CLANG_ENABLE_OBJC_ARC = YES;
				CLANG_WARN_BOOL_CONVERSION = YES;
				CLANG_WARN_CONSTANT_CONVERSION = YES;
				CLANG_WARN_DIRECT_OBJC_ISA_USAGE = YES_ERROR;
				CLANG_WARN_EMPTY_BODY = YES;
				CLANG_WARN_ENUM_CONVERSION = YES;
				CLANG_WARN_INT_CONVERSION = YES;
				CLANG_WARN_OBJC_ROOT_CLASS = YES_ERROR;
				CLANG_WARN_UNREACHABLE_CODE = YES;
				CLANG_WARN__DUPLICATE_METHOD_MATCH = YES;
				"CODE_SIGN_IDENTITY[sdk=iphoneos*]" = "iPhone Developer";
				COPY_PHASE_STRIP = NO;
				DEBUG_INFORMATION_FORMAT = dwarf;
				ENABLE_STRICT_OBJC_MSGSEND = YES;
				ENABLE_TESTABILITY = YES;
				GCC_C_LANGUAGE_STANDARD = gnu99;
				GCC_DYNAMIC_NO_PIC = NO;
				GCC_NO_COMMON_BLOCKS = YES;
				GCC_OPTIMIZATION_LEVEL = 0;
				GCC_PREPROCESSOR_DEFINITIONS = (
					"DEBUG=1",
					"$(inherited)",
				);
				GCC_WARN_64_TO_32_BIT_CONVERSION = YES;
				GCC_WARN_ABOUT_RETURN_TYPE = YES_ERROR;
				GCC_WARN_UNDECLARED_SELECTOR = YES;
				GCC_WARN_UNINITIALIZED_AUTOS = YES_AGGRESSIVE;
				GCC_WARN_UNUSED_FUNCTION = YES;
				GCC_WARN_UNUSED_VARIABLE = YES;
				IPHONEOS_DEPLOYMENT_TARGET = 9.2;
				MTL_ENABLE_DEBUG_INFO = YES;
				ONLY_ACTIVE_ARCH = YES;
				SDKROOT = iphoneos;
				SWIFT_OPTIMIZATION_LEVEL = "-Onone";
				TARGETED_DEVICE_FAMILY = "1,2";
			};
			name = Debug;
		};
		52DA31CE1CFA58EF0095D007 /* Release */ = {
			isa = XCBuildConfiguration;
			buildSettings = {
				ALWAYS_SEARCH_USER_PATHS = NO;
				CLANG_CXX_LANGUAGE_STANDARD = "gnu++0x";
				CLANG_CXX_LIBRARY = "libc++";
				CLANG_ENABLE_MODULES = YES;
				CLANG_ENABLE_OBJC_ARC = YES;
				CLANG_WARN_BOOL_CONVERSION = YES;
				CLANG_WARN_CONSTANT_CONVERSION = YES;
				CLANG_WARN_DIRECT_OBJC_ISA_USAGE = YES_ERROR;
				CLANG_WARN_EMPTY_BODY = YES;
				CLANG_WARN_ENUM_CONVERSION = YES;
				CLANG_WARN_INT_CONVERSION = YES;
				CLANG_WARN_OBJC_ROOT_CLASS = YES_ERROR;
				CLANG_WARN_UNREACHABLE_CODE = YES;
				CLANG_WARN__DUPLICATE_METHOD_MATCH = YES;
				"CODE_SIGN_IDENTITY[sdk=iphoneos*]" = "iPhone Developer";
				COPY_PHASE_STRIP = NO;
				DEBUG_INFORMATION_FORMAT = "dwarf-with-dsym";
				ENABLE_NS_ASSERTIONS = NO;
				ENABLE_STRICT_OBJC_MSGSEND = YES;
				GCC_C_LANGUAGE_STANDARD = gnu99;
				GCC_NO_COMMON_BLOCKS = YES;
				GCC_WARN_64_TO_32_BIT_CONVERSION = YES;
				GCC_WARN_ABOUT_RETURN_TYPE = YES_ERROR;
				GCC_WARN_UNDECLARED_SELECTOR = YES;
				GCC_WARN_UNINITIALIZED_AUTOS = YES_AGGRESSIVE;
				GCC_WARN_UNUSED_FUNCTION = YES;
				GCC_WARN_UNUSED_VARIABLE = YES;
				IPHONEOS_DEPLOYMENT_TARGET = 9.2;
				MTL_ENABLE_DEBUG_INFO = NO;
				SDKROOT = iphoneos;
				TARGETED_DEVICE_FAMILY = "1,2";
				VALIDATE_PRODUCT = YES;
			};
			name = Release;
		};
		52DA31D01CFA58EF0095D007 /* Debug */ = {
			isa = XCBuildConfiguration;
			buildSettings = {
				ASSETCATALOG_COMPILER_APPICON_NAME = AppIcon;
				INFOPLIST_FILE = questionsForTikTok/Info.plist;
				LD_RUNPATH_SEARCH_PATHS = "$(inherited) @executable_path/Frameworks";
				New_Setting = "";
				PRODUCT_BUNDLE_IDENTIFIER = ischool.uw.edu.questionsForTikTok;
				PRODUCT_NAME = "$(TARGET_NAME)";
			};
			name = Debug;
		};
		52DA31D11CFA58EF0095D007 /* Release */ = {
			isa = XCBuildConfiguration;
			buildSettings = {
				ASSETCATALOG_COMPILER_APPICON_NAME = AppIcon;
				INFOPLIST_FILE = questionsForTikTok/Info.plist;
				LD_RUNPATH_SEARCH_PATHS = "$(inherited) @executable_path/Frameworks";
				New_Setting = "";
				PRODUCT_BUNDLE_IDENTIFIER = ischool.uw.edu.questionsForTikTok;
				PRODUCT_NAME = "$(TARGET_NAME)";
			};
			name = Release;
		};
		52DA31D31CFA58EF0095D007 /* Debug */ = {
			isa = XCBuildConfiguration;
			buildSettings = {
				BUNDLE_LOADER = "$(TEST_HOST)";
				INFOPLIST_FILE = questionsForTikTokTests/Info.plist;
				LD_RUNPATH_SEARCH_PATHS = "$(inherited) @executable_path/Frameworks @loader_path/Frameworks";
				PRODUCT_BUNDLE_IDENTIFIER = ischool.uw.edu.questionsForTikTokTests;
				PRODUCT_NAME = "$(TARGET_NAME)";
				TEST_HOST = "$(BUILT_PRODUCTS_DIR)/questionsForTikTok.app/questionsForTikTok";
			};
			name = Debug;
		};
		52DA31D41CFA58EF0095D007 /* Release */ = {
			isa = XCBuildConfiguration;
			buildSettings = {
				BUNDLE_LOADER = "$(TEST_HOST)";
				INFOPLIST_FILE = questionsForTikTokTests/Info.plist;
				LD_RUNPATH_SEARCH_PATHS = "$(inherited) @executable_path/Frameworks @loader_path/Frameworks";
				PRODUCT_BUNDLE_IDENTIFIER = ischool.uw.edu.questionsForTikTokTests;
				PRODUCT_NAME = "$(TARGET_NAME)";
				TEST_HOST = "$(BUILT_PRODUCTS_DIR)/questionsForTikTok.app/questionsForTikTok";
			};
			name = Release;
		};
		52DA31D61CFA58EF0095D007 /* Debug */ = {
			isa = XCBuildConfiguration;
			buildSettings = {
				INFOPLIST_FILE = questionsForTikTokUITests/Info.plist;
				LD_RUNPATH_SEARCH_PATHS = "$(inherited) @executable_path/Frameworks @loader_path/Frameworks";
				PRODUCT_BUNDLE_IDENTIFIER = ischool.uw.edu.questionsForTikTokUITests;
				PRODUCT_NAME = "$(TARGET_NAME)";
				TEST_TARGET_NAME = questionsForTikTok;
				USES_XCTRUNNER = YES;
			};
			name = Debug;
		};
		52DA31D71CFA58EF0095D007 /* Release */ = {
			isa = XCBuildConfiguration;
			buildSettings = {
				INFOPLIST_FILE = questionsForTikTokUITests/Info.plist;
				LD_RUNPATH_SEARCH_PATHS = "$(inherited) @executable_path/Frameworks @loader_path/Frameworks";
				PRODUCT_BUNDLE_IDENTIFIER = ischool.uw.edu.questionsForTikTokUITests;
				PRODUCT_NAME = "$(TARGET_NAME)";
				TEST_TARGET_NAME = questionsForTikTok;
				USES_XCTRUNNER = YES;
			};
			name = Release;
		};
/* End XCBuildConfiguration section */

/* Begin XCConfigurationList section */
		52DA31A21CFA58EF0095D007 /* Build configuration list for PBXProject "questionsForTikTok" */ = {
			isa = XCConfigurationList;
			buildConfigurations = (
				52DA31CD1CFA58EF0095D007 /* Debug */,
				52DA31CE1CFA58EF0095D007 /* Release */,
			);
			defaultConfigurationIsVisible = 0;
			defaultConfigurationName = Release;
		};
		52DA31CF1CFA58EF0095D007 /* Build configuration list for PBXNativeTarget "questionsForTikTok" */ = {
			isa = XCConfigurationList;
			buildConfigurations = (
				52DA31D01CFA58EF0095D007 /* Debug */,
				52DA31D11CFA58EF0095D007 /* Release */,
			);
			defaultConfigurationIsVisible = 0;
		};
		52DA31D21CFA58EF0095D007 /* Build configuration list for PBXNativeTarget "questionsForTikTokTests" */ = {
			isa = XCConfigurationList;
			buildConfigurations = (
				52DA31D31CFA58EF0095D007 /* Debug */,
				52DA31D41CFA58EF0095D007 /* Release */,
			);
			defaultConfigurationIsVisible = 0;
		};
		52DA31D51CFA58EF0095D007 /* Build configuration list for PBXNativeTarget "questionsForTikTokUITests" */ = {
			isa = XCConfigurationList;
			buildConfigurations = (
				52DA31D61CFA58EF0095D007 /* Debug */,
				52DA31D71CFA58EF0095D007 /* Release */,
			);
			defaultConfigurationIsVisible = 0;
		};
/* End XCConfigurationList section */
	};
	rootObject = 52DA319F1CFA58EF0095D007 /* Project object */;
}
